
Microsoft Visual Studio Solution File, Format Version 12.00
# Visual Studio 2012
Project("{FAE04EC0-301F-11D3-BF4B-00C04F79EFBC}") = "CalculatingEngine", "CalculatingEngine\CalculatingEngine.csproj", "{AAEC56B0-4423-4736-A654-00883EF47A78}"
EndProject
Project("{FAE04EC0-301F-11D3-BF4B-00C04F79EFBC}") = "ClientDemo", "Demo\ClientDemo.csproj", "{D90D098B-E523-4AF7-8CFD-77EB1F70825D}"
EndProject
Project("{FAE04EC0-301F-11D3-BF4B-00C04F79EFBC}") = "SelfHostedService", "SelfHostedService\SelfHostedService.csproj", "{32606F78-A077-40F2-BFFE-36331000D195}"
EndProject
Project("{FAE04EC0-301F-11D3-BF4B-00C04F79EFBC}") = "McdaLibrary", "McdaLibrary\McdaLibrary.csproj", "{336CD565-E408-404A-9453-B9C6E06A6831}"
EndProject
Project("{FAE04EC0-301F-11D3-BF4B-00C04F79EFBC}") = "AdminGui", "AdminGui\AdminGui\AdminGui.csproj", "{08617D85-BAAB-402D-9259-BD49839F2581}"
EndProject
Global
	GlobalSection(SolutionConfigurationPlatforms) = preSolution
		Debug|Any CPU = Debug|Any CPU
		Debug|Mixed Platforms = Debug|Mixed Platforms
		Debug|x86 = Debug|x86
		Release|Any CPU = Release|Any CPU
		Release|Mixed Platforms = Release|Mixed Platforms
		Release|x86 = Release|x86
	EndGlobalSection
	GlobalSection(ProjectConfigurationPlatforms) = postSolution
		{AAEC56B0-4423-4736-A654-00883EF47A78}.Debug|Any CPU.ActiveCfg = Debug|Any CPU
		{AAEC56B0-4423-4736-A654-00883EF47A78}.Debug|Any CPU.Build.0 = Debug|Any CPU
		{AAEC56B0-4423-4736-A654-00883EF47A78}.Debug|Mixed Platforms.ActiveCfg = Debug|Any CPU
		{AAEC56B0-4423-4736-A654-00883EF47A78}.Debug|Mixed Platforms.Build.0 = Debug|Any CPU
		{AAEC56B0-4423-4736-A654-00883EF47A78}.Debug|x86.ActiveCfg = Debug|Any CPU
		{AAEC56B0-4423-4736-A654-00883EF47A78}.Release|Any CPU.ActiveCfg = Release|Any CPU
		{AAEC56B0-4423-4736-A654-00883EF47A78}.Release|Any CPU.Build.0 = Release|Any CPU
		{AAEC56B0-4423-4736-A654-00883EF47A78}.Release|Mixed Platforms.ActiveCfg = Release|Any CPU
		{AAEC56B0-4423-4736-A654-00883EF47A78}.Release|Mixed Platforms.Build.0 = Release|Any CPU
		{AAEC56B0-4423-4736-A654-00883EF47A78}.Release|x86.ActiveCfg = Release|Any CPU
		{D90D098B-E523-4AF7-8CFD-77EB1F70825D}.Debug|Any CPU.ActiveCfg = Debug|Any CPU
		{D90D098B-E523-4AF7-8CFD-77EB1F70825D}.Debug|Any CPU.Build.0 = Debug|Any CPU
		{D90D098B-E523-4AF7-8CFD-77EB1F70825D}.Debug|Mixed Platforms.ActiveCfg = Debug|Any CPU
		{D90D098B-E523-4AF7-8CFD-77EB1F70825D}.Debug|Mixed Platforms.Build.0 = Debug|Any CPU
		{D90D098B-E523-4AF7-8CFD-77EB1F70825D}.Debug|x86.ActiveCfg = Debug|Any CPU
		{D90D098B-E523-4AF7-8CFD-77EB1F70825D}.Release|Any CPU.ActiveCfg = Release|Any CPU
		{D90D098B-E523-4AF7-8CFD-77EB1F70825D}.Release|Any CPU.Build.0 = Release|Any CPU
		{D90D098B-E523-4AF7-8CFD-77EB1F70825D}.Release|Mixed Platforms.ActiveCfg = Release|Any CPU
		{D90D098B-E523-4AF7-8CFD-77EB1F70825D}.Release|Mixed Platforms.Build.0 = Release|Any CPU
		{D90D098B-E523-4AF7-8CFD-77EB1F70825D}.Release|x86.ActiveCfg = Release|Any CPU
		{32606F78-A077-40F2-BFFE-36331000D195}.Debug|Any CPU.ActiveCfg = Debug|Any CPU
		{32606F78-A077-40F2-BFFE-36331000D195}.Debug|Any CPU.Build.0 = Debug|Any CPU
		{32606F78-A077-40F2-BFFE-36331000D195}.Debug|Mixed Platforms.ActiveCfg = Debug|Any CPU
		{32606F78-A077-40F2-BFFE-36331000D195}.Debug|Mixed Platforms.Build.0 = Debug|Any CPU
		{32606F78-A077-40F2-BFFE-36331000D195}.Debug|x86.ActiveCfg = Debug|Any CPU
		{32606F78-A077-40F2-BFFE-36331000D195}.Release|Any CPU.ActiveCfg = Release|Any CPU
		{32606F78-A077-40F2-BFFE-36331000D195}.Release|Any CPU.Build.0 = Release|Any CPU
		{32606F78-A077-40F2-BFFE-36331000D195}.Release|Mixed Platforms.ActiveCfg = Release|Any CPU
		{32606F78-A077-40F2-BFFE-36331000D195}.Release|Mixed Platforms.Build.0 = Release|Any CPU
		{32606F78-A077-40F2-BFFE-36331000D195}.Release|x86.ActiveCfg = Release|Any CPU
		{336CD565-E408-404A-9453-B9C6E06A6831}.Debug|Any CPU.ActiveCfg = Debug|Any CPU
		{336CD565-E408-404A-9453-B9C6E06A6831}.Debug|Any CPU.Build.0 = Debug|Any CPU
		{336CD565-E408-404A-9453-B9C6E06A6831}.Debug|Mixed Platforms.ActiveCfg = Debug|Any CPU
		{336CD565-E408-404A-9453-B9C6E06A6831}.Debug|Mixed Platforms.Build.0 = Debug|Any CPU
		{336CD565-E408-404A-9453-B9C6E06A6831}.Debug|x86.ActiveCfg = Debug|Any CPU
		{336CD565-E408-404A-9453-B9C6E06A6831}.Release|Any CPU.ActiveCfg = Release|Any CPU
		{336CD565-E408-404A-9453-B9C6E06A6831}.Release|Any CPU.Build.0 = Release|Any CPU
		{336CD565-E408-404A-9453-B9C6E06A6831}.Release|Mixed Platforms.ActiveCfg = Release|Any CPU
		{336CD565-E408-404A-9453-B9C6E06A6831}.Release|Mixed Platforms.Build.0 = Release|Any CPU
		{336CD565-E408-404A-9453-B9C6E06A6831}.Release|x86.ActiveCfg = Release|Any CPU
		{08617D85-BAAB-402D-9259-BD49839F2581}.Debug|Any CPU.ActiveCfg = Debug|x86
		{08617D85-BAAB-402D-9259-BD49839F2581}.Debug|Mixed Platforms.ActiveCfg = Debug|x86
		{08617D85-BAAB-402D-9259-BD49839F2581}.Debug|Mixed Platforms.Build.0 = Debug|x86
		{08617D85-BAAB-402D-9259-BD49839F2581}.Debug|x86.ActiveCfg = Debug|x86
		{08617D85-BAAB-402D-9259-BD49839F2581}.Debug|x86.Build.0 = Debug|x86
		{08617D85-BAAB-402D-9259-BD49839F2581}.Release|Any CPU.ActiveCfg = Release|x86
		{08617D85-BAAB-402D-9259-BD49839F2581}.Release|Mixed Platforms.ActiveCfg = Release|x86
		{08617D85-BAAB-402D-9259-BD49839F2581}.Release|Mixed Platforms.Build.0 = Release|x86
		{08617D85-BAAB-402D-9259-BD49839F2581}.Release|x86.ActiveCfg = Release|x86
		{08617D85-BAAB-402D-9259-BD49839F2581}.Release|x86.Build.0 = Release|x86
	EndGlobalSection
	GlobalSection(SolutionProperties) = preSolution
		HideSolutionNode = FALSE
	EndGlobalSection
EndGlobal
